
Microsoft Visual Studio Solution File, Format Version 12.00
# Visual Studio Version 16
VisualStudioVersion = 16.0.31624.102
MinimumVisualStudioVersion = 10.0.40219.1
Project("{FAE04EC0-301F-11D3-BF4B-00C04F79EFBC}") = "BlazorPeliculas.Server", "BlazorPeliculas\Server\BlazorPeliculas.Server.csproj", "{AB368FD0-9E38-43BA-863F-4F1E258BF8BD}"
EndProject
Project("{FAE04EC0-301F-11D3-BF4B-00C04F79EFBC}") = "BlazorPeliculas.Client", "BlazorPeliculas\Client\BlazorPeliculas.Client.csproj", "{295C4050-7976-4825-A577-29A1FE754BFF}"
EndProject
Project("{FAE04EC0-301F-11D3-BF4B-00C04F79EFBC}") = "BlazorPeliculas.Shared", "BlazorPeliculas\Shared\BlazorPeliculas.Shared.csproj", "{4161E715-38FC-4E17-8F16-D531E140634A}"
EndProject
Global
	GlobalSection(SolutionConfigurationPlatforms) = preSolution
		Debug|Any CPU = Debug|Any CPU
		Release|Any CPU = Release|Any CPU
	EndGlobalSection
	GlobalSection(ProjectConfigurationPlatforms) = postSolution
		{AB368FD0-9E38-43BA-863F-4F1E258BF8BD}.Debug|Any CPU.ActiveCfg = Debug|Any CPU
		{AB368FD0-9E38-43BA-863F-4F1E258BF8BD}.Debug|Any CPU.Build.0 = Debug|Any CPU
		{AB368FD0-9E38-43BA-863F-4F1E258BF8BD}.Release|Any CPU.ActiveCfg = Release|Any CPU
		{AB368FD0-9E38-43BA-863F-4F1E258BF8BD}.Release|Any CPU.Build.0 = Release|Any CPU
		{295C4050-7976-4825-A577-29A1FE754BFF}.Debug|Any CPU.ActiveCfg = Debug|Any CPU
		{295C4050-7976-4825-A577-29A1FE754BFF}.Debug|Any CPU.Build.0 = Debug|Any CPU
		{295C4050-7976-4825-A577-29A1FE754BFF}.Release|Any CPU.ActiveCfg = Release|Any CPU
		{295C4050-7976-4825-A577-29A1FE754BFF}.Release|Any CPU.Build.0 = Release|Any CPU
		{4161E715-38FC-4E17-8F16-D531E140634A}.Debug|Any CPU.ActiveCfg = Debug|Any CPU
		{4161E715-38FC-4E17-8F16-D531E140634A}.Debug|Any CPU.Build.0 = Debug|Any CPU
		{4161E715-38FC-4E17-8F16-D531E140634A}.Release|Any CPU.ActiveCfg = Release|Any CPU
		{4161E715-38FC-4E17-8F16-D531E140634A}.Release|Any CPU.Build.0 = Release|Any CPU
	EndGlobalSection
	GlobalSection(SolutionProperties) = preSolution
		HideSolutionNode = FALSE
	EndGlobalSection
	GlobalSection(ExtensibilityGlobals) = postSolution
		SolutionGuid = {37DE2040-2308-4D03-9A19-9DDB66D111AC}
	EndGlobalSection
EndGlobal
